
Microsoft Visual Studio Solution File, Format Version 12.00
# Visual Studio Version 16
VisualStudioVersion = 16.0.30114.105
MinimumVisualStudioVersion = 10.0.40219.1
Project("{9A19103F-16F7-4668-BE54-9A1E7A4F7556}") = "ParkingHub", "src\ParkingHub\ParkingHub.csproj", "{A91E95E4-9CA8-4D4C-95C4-61FCBD23BEA6}"
EndProject
Project("{9A19103F-16F7-4668-BE54-9A1E7A4F7556}") = "ParkingPanel", "src\ParkingPanel\ParkingPanel.csproj", "{D1039764-BB01-4A6E-8FF8-FA66F5F59B7D}"
EndProject
Project("{9A19103F-16F7-4668-BE54-9A1E7A4F7556}") = "HubFunction", "src\HubFunction\HubFunction.csproj", "{593D1CA2-C6C4-4DD2-8D26-3DBA916940D2}"
EndProject
Project("{FAE04EC0-301F-11D3-BF4B-00C04F79EFBC}") = "ParkingModel", "ParkingModel\ParkingModel.csproj", "{485003EF-28A8-4F86-8218-456C44A378C7}"
EndProject
Global
	GlobalSection(SolutionConfigurationPlatforms) = preSolution
		Debug|Any CPU = Debug|Any CPU
		Release|Any CPU = Release|Any CPU
	EndGlobalSection
	GlobalSection(ProjectConfigurationPlatforms) = postSolution
		{A91E95E4-9CA8-4D4C-95C4-61FCBD23BEA6}.Debug|Any CPU.ActiveCfg = Debug|Any CPU
		{A91E95E4-9CA8-4D4C-95C4-61FCBD23BEA6}.Debug|Any CPU.Build.0 = Debug|Any CPU
		{A91E95E4-9CA8-4D4C-95C4-61FCBD23BEA6}.Release|Any CPU.ActiveCfg = Release|Any CPU
		{A91E95E4-9CA8-4D4C-95C4-61FCBD23BEA6}.Release|Any CPU.Build.0 = Release|Any CPU
		{D1039764-BB01-4A6E-8FF8-FA66F5F59B7D}.Debug|Any CPU.ActiveCfg = Debug|Any CPU
		{D1039764-BB01-4A6E-8FF8-FA66F5F59B7D}.Debug|Any CPU.Build.0 = Debug|Any CPU
		{D1039764-BB01-4A6E-8FF8-FA66F5F59B7D}.Release|Any CPU.ActiveCfg = Release|Any CPU
		{D1039764-BB01-4A6E-8FF8-FA66F5F59B7D}.Release|Any CPU.Build.0 = Release|Any CPU
		{593D1CA2-C6C4-4DD2-8D26-3DBA916940D2}.Debug|Any CPU.ActiveCfg = Debug|Any CPU
		{593D1CA2-C6C4-4DD2-8D26-3DBA916940D2}.Debug|Any CPU.Build.0 = Debug|Any CPU
		{593D1CA2-C6C4-4DD2-8D26-3DBA916940D2}.Release|Any CPU.ActiveCfg = Release|Any CPU
		{593D1CA2-C6C4-4DD2-8D26-3DBA916940D2}.Release|Any CPU.Build.0 = Release|Any CPU
		{485003EF-28A8-4F86-8218-456C44A378C7}.Debug|Any CPU.ActiveCfg = Debug|Any CPU
		{485003EF-28A8-4F86-8218-456C44A378C7}.Debug|Any CPU.Build.0 = Debug|Any CPU
		{485003EF-28A8-4F86-8218-456C44A378C7}.Release|Any CPU.ActiveCfg = Release|Any CPU
		{485003EF-28A8-4F86-8218-456C44A378C7}.Release|Any CPU.Build.0 = Release|Any CPU
	EndGlobalSection
	GlobalSection(SolutionProperties) = preSolution
		HideSolutionNode = FALSE
	EndGlobalSection
	GlobalSection(ExtensibilityGlobals) = postSolution
		SolutionGuid = {FA3928D4-20BF-4ACC-8D10-86BB5A5BB9F8}
	EndGlobalSection
EndGlobal
